
Microsoft Visual Studio Solution File, Format Version 12.00
# Visual Studio 15
VisualStudioVersion = 15.0.26228.64
MinimumVisualStudioVersion = 10.0.40219.1
Project("{FAE04EC0-301F-11D3-BF4B-00C04F79EFBC}") = "MusicCollectionData", "MusicCollectionData\MusicCollectionData.csproj", "{E6D9A7AF-CA55-48AA-99E1-4E1C13F6AC93}"
EndProject
Project("{FAE04EC0-301F-11D3-BF4B-00C04F79EFBC}") = "MusicCollectionModel", "MusicCollectionModel\MusicCollectionModel.csproj", "{5E54CB94-2781-4D06-AC51-5BA6B98F8A4B}"
EndProject
Project("{FAE04EC0-301F-11D3-BF4B-00C04F79EFBC}") = "MusicCollectionConsumerService", "MusicCollectionConsumerService\MusicCollectionConsumerService.csproj", "{B7C12FD7-94FE-49A4-9834-0354C512D242}"
EndProject
Project("{FAE04EC0-301F-11D3-BF4B-00C04F79EFBC}") = "MusicCollectionController", "MusicCollectionController\MusicCollectionController.csproj", "{F1CE4329-8839-45C6-9BE0-39D5D611AD1F}"
EndProject
Project("{FAE04EC0-301F-11D3-BF4B-00C04F79EFBC}") = "MusicCollectionForms", "MusicCollectionForms\MusicCollectionForms.csproj", "{AA325380-2645-424E-AAAA-39B5B47BB4F1}"
EndProject
Project("{FAE04EC0-301F-11D3-BF4B-00C04F79EFBC}") = "MusicCollectionConsole", "MusicCollectionConsole\MusicCollectionConsole.csproj", "{65CB0AD6-E84C-4211-8047-F5F9F9C2EE01}"
EndProject
Project("{FAE04EC0-301F-11D3-BF4B-00C04F79EFBC}") = "MusicCollectionServices", "MusicCollectionServices\MusicCollectionServices.csproj", "{4B8BEAA6-5FB7-4BCA-8027-A87782300A6A}"
EndProject
Project("{FAE04EC0-301F-11D3-BF4B-00C04F79EFBC}") = "MusicCollectionTest.NUnit", "MusicCollectionTest.NUnit\MusicCollectionTest.NUnit.csproj", "{8EDF4429-251A-416D-BB68-93F227191BCF}"
EndProject
Project("{FAE04EC0-301F-11D3-BF4B-00C04F79EFBC}") = "MusicCollectionWebService", "MusicCollectionWebService\MusicCollectionWebService.csproj", "{9017705C-97DA-489F-8A83-198194578AB4}"
EndProject
Global
	GlobalSection(SolutionConfigurationPlatforms) = preSolution
		Debug|Any CPU = Debug|Any CPU
		Release|Any CPU = Release|Any CPU
	EndGlobalSection
	GlobalSection(ProjectConfigurationPlatforms) = postSolution
		{E6D9A7AF-CA55-48AA-99E1-4E1C13F6AC93}.Debug|Any CPU.ActiveCfg = Debug|Any CPU
		{E6D9A7AF-CA55-48AA-99E1-4E1C13F6AC93}.Debug|Any CPU.Build.0 = Debug|Any CPU
		{E6D9A7AF-CA55-48AA-99E1-4E1C13F6AC93}.Release|Any CPU.ActiveCfg = Release|Any CPU
		{E6D9A7AF-CA55-48AA-99E1-4E1C13F6AC93}.Release|Any CPU.Build.0 = Release|Any CPU
		{5E54CB94-2781-4D06-AC51-5BA6B98F8A4B}.Debug|Any CPU.ActiveCfg = Debug|Any CPU
		{5E54CB94-2781-4D06-AC51-5BA6B98F8A4B}.Debug|Any CPU.Build.0 = Debug|Any CPU
		{5E54CB94-2781-4D06-AC51-5BA6B98F8A4B}.Release|Any CPU.ActiveCfg = Release|Any CPU
		{5E54CB94-2781-4D06-AC51-5BA6B98F8A4B}.Release|Any CPU.Build.0 = Release|Any CPU
		{B7C12FD7-94FE-49A4-9834-0354C512D242}.Debug|Any CPU.ActiveCfg = Debug|Any CPU
		{B7C12FD7-94FE-49A4-9834-0354C512D242}.Debug|Any CPU.Build.0 = Debug|Any CPU
		{B7C12FD7-94FE-49A4-9834-0354C512D242}.Release|Any CPU.ActiveCfg = Release|Any CPU
		{B7C12FD7-94FE-49A4-9834-0354C512D242}.Release|Any CPU.Build.0 = Release|Any CPU
		{F1CE4329-8839-45C6-9BE0-39D5D611AD1F}.Debug|Any CPU.ActiveCfg = Debug|Any CPU
		{F1CE4329-8839-45C6-9BE0-39D5D611AD1F}.Debug|Any CPU.Build.0 = Debug|Any CPU
		{F1CE4329-8839-45C6-9BE0-39D5D611AD1F}.Release|Any CPU.ActiveCfg = Release|Any CPU
		{F1CE4329-8839-45C6-9BE0-39D5D611AD1F}.Release|Any CPU.Build.0 = Release|Any CPU
		{AA325380-2645-424E-AAAA-39B5B47BB4F1}.Debug|Any CPU.ActiveCfg = Debug|Any CPU
		{AA325380-2645-424E-AAAA-39B5B47BB4F1}.Debug|Any CPU.Build.0 = Debug|Any CPU
		{AA325380-2645-424E-AAAA-39B5B47BB4F1}.Release|Any CPU.ActiveCfg = Release|Any CPU
		{AA325380-2645-424E-AAAA-39B5B47BB4F1}.Release|Any CPU.Build.0 = Release|Any CPU
		{65CB0AD6-E84C-4211-8047-F5F9F9C2EE01}.Debug|Any CPU.ActiveCfg = Debug|Any CPU
		{65CB0AD6-E84C-4211-8047-F5F9F9C2EE01}.Debug|Any CPU.Build.0 = Debug|Any CPU
		{65CB0AD6-E84C-4211-8047-F5F9F9C2EE01}.Release|Any CPU.ActiveCfg = Release|Any CPU
		{65CB0AD6-E84C-4211-8047-F5F9F9C2EE01}.Release|Any CPU.Build.0 = Release|Any CPU
		{4B8BEAA6-5FB7-4BCA-8027-A87782300A6A}.Debug|Any CPU.ActiveCfg = Debug|Any CPU
		{4B8BEAA6-5FB7-4BCA-8027-A87782300A6A}.Debug|Any CPU.Build.0 = Debug|Any CPU
		{4B8BEAA6-5FB7-4BCA-8027-A87782300A6A}.Release|Any CPU.ActiveCfg = Release|Any CPU
		{4B8BEAA6-5FB7-4BCA-8027-A87782300A6A}.Release|Any CPU.Build.0 = Release|Any CPU
		{8EDF4429-251A-416D-BB68-93F227191BCF}.Debug|Any CPU.ActiveCfg = Debug|Any CPU
		{8EDF4429-251A-416D-BB68-93F227191BCF}.Debug|Any CPU.Build.0 = Debug|Any CPU
		{8EDF4429-251A-416D-BB68-93F227191BCF}.Release|Any CPU.ActiveCfg = Release|Any CPU
		{8EDF4429-251A-416D-BB68-93F227191BCF}.Release|Any CPU.Build.0 = Release|Any CPU
		{9017705C-97DA-489F-8A83-198194578AB4}.Debug|Any CPU.ActiveCfg = Debug|Any CPU
		{9017705C-97DA-489F-8A83-198194578AB4}.Debug|Any CPU.Build.0 = Debug|Any CPU
		{9017705C-97DA-489F-8A83-198194578AB4}.Release|Any CPU.ActiveCfg = Release|Any CPU
		{9017705C-97DA-489F-8A83-198194578AB4}.Release|Any CPU.Build.0 = Release|Any CPU
	EndGlobalSection
	GlobalSection(SolutionProperties) = preSolution
		HideSolutionNode = FALSE
	EndGlobalSection
	GlobalSection(ExtensibilityGlobals) = postSolution
		SolutionGuid = {F483F524-10EA-4FA7-AC2D-A51DE397CF5F}
	EndGlobalSection
EndGlobal
